// !$*UTF8*$!
{
	archiveVersion = 1;
	classes = {
	};
	objectVersion = 46;
	objects = {

/* Begin PBXBuildFile section */
		AB469BA31CEDF44800D8AD54 /* main.cpp in Sources */ = {isa = PBXBuildFile; fileRef = AB469BA21CEDF44800D8AD54 /* main.cpp */; };
		AB469BAB1CEDF48200D8AD54 /* Connection.cpp in Sources */ = {isa = PBXBuildFile; fileRef = AB469BA91CEDF48200D8AD54 /* Connection.cpp */; };
		AB469BAE1CEDF49D00D8AD54 /* Downloader.cpp in Sources */ = {isa = PBXBuildFile; fileRef = AB469BAC1CEDF49D00D8AD54 /* Downloader.cpp */; };
		AB469BB11CEE0BB500D8AD54 /* UsersService.cpp in Sources */ = {isa = PBXBuildFile; fileRef = AB469BAF1CEE0BB500D8AD54 /* UsersService.cpp */; };
		AB469BB41CEEFFB300D8AD54 /* BlockDownloader.cpp in Sources */ = {isa = PBXBuildFile; fileRef = AB469BB21CEEFFB300D8AD54 /* BlockDownloader.cpp */; };
		AB469BB71CEEFFC900D8AD54 /* BlockConnection.cpp in Sources */ = {isa = PBXBuildFile; fileRef = AB469BB51CEEFFC900D8AD54 /* BlockConnection.cpp */; };
		AB469BBA1CEF07B800D8AD54 /* ConnectionEvents.cpp in Sources */ = {isa = PBXBuildFile; fileRef = AB469BB81CEF07B800D8AD54 /* ConnectionEvents.cpp */; };
/* End PBXBuildFile section */

/* Begin PBXCopyFilesBuildPhase section */
		AB469B9D1CEDF44800D8AD54 /* CopyFiles */ = {
			isa = PBXCopyFilesBuildPhase;
			buildActionMask = 2147483647;
			dstPath = /usr/share/man/man1/;
			dstSubfolderSpec = 0;
			files = (
			);
			runOnlyForDeploymentPostprocessing = 1;
		};
/* End PBXCopyFilesBuildPhase section */

/* Begin PBXFileReference section */
		AB469B9F1CEDF44800D8AD54 /* Blocks */ = {isa = PBXFileReference; explicitFileType = "compiled.mach-o.executable"; includeInIndex = 0; path = Blocks; sourceTree = BUILT_PRODUCTS_DIR; };
		AB469BA21CEDF44800D8AD54 /* main.cpp */ = {isa = PBXFileReference; lastKnownFileType = sourcecode.cpp.cpp; path = main.cpp; sourceTree = "<group>"; };
		AB469BA91CEDF48200D8AD54 /* Connection.cpp */ = {isa = PBXFileReference; fileEncoding = 4; lastKnownFileType = sourcecode.cpp.cpp; path = Connection.cpp; sourceTree = "<group>"; };
		AB469BAA1CEDF48200D8AD54 /* Connection.hpp */ = {isa = PBXFileReference; fileEncoding = 4; lastKnownFileType = sourcecode.cpp.h; path = Connection.hpp; sourceTree = "<group>"; };
		AB469BAC1CEDF49D00D8AD54 /* Downloader.cpp */ = {isa = PBXFileReference; fileEncoding = 4; lastKnownFileType = sourcecode.cpp.cpp; path = Downloader.cpp; sourceTree = "<group>"; };
		AB469BAD1CEDF49D00D8AD54 /* Downloader.hpp */ = {isa = PBXFileReference; fileEncoding = 4; lastKnownFileType = sourcecode.cpp.h; path = Downloader.hpp; sourceTree = "<group>"; };
		AB469BAF1CEE0BB500D8AD54 /* UsersService.cpp */ = {isa = PBXFileReference; fileEncoding = 4; lastKnownFileType = sourcecode.cpp.cpp; path = UsersService.cpp; sourceTree = "<group>"; };
		AB469BB01CEE0BB500D8AD54 /* UsersService.hpp */ = {isa = PBXFileReference; fileEncoding = 4; lastKnownFileType = sourcecode.cpp.h; path = UsersService.hpp; sourceTree = "<group>"; };
		AB469BB21CEEFFB300D8AD54 /* BlockDownloader.cpp */ = {isa = PBXFileReference; fileEncoding = 4; lastKnownFileType = sourcecode.cpp.cpp; path = BlockDownloader.cpp; sourceTree = "<group>"; };
		AB469BB31CEEFFB300D8AD54 /* BlockDownloader.hpp */ = {isa = PBXFileReference; fileEncoding = 4; lastKnownFileType = sourcecode.cpp.h; path = BlockDownloader.hpp; sourceTree = "<group>"; };
		AB469BB51CEEFFC900D8AD54 /* BlockConnection.cpp */ = {isa = PBXFileReference; fileEncoding = 4; lastKnownFileType = sourcecode.cpp.cpp; path = BlockConnection.cpp; sourceTree = "<group>"; };
		AB469BB61CEEFFC900D8AD54 /* BlockConnection.hpp */ = {isa = PBXFileReference; fileEncoding = 4; lastKnownFileType = sourcecode.cpp.h; path = BlockConnection.hpp; sourceTree = "<group>"; };
		AB469BB81CEF07B800D8AD54 /* ConnectionEvents.cpp */ = {isa = PBXFileReference; fileEncoding = 4; lastKnownFileType = sourcecode.cpp.cpp; path = ConnectionEvents.cpp; sourceTree = "<group>"; };
		AB469BB91CEF07B800D8AD54 /* ConnectionEvents.hpp */ = {isa = PBXFileReference; fileEncoding = 4; lastKnownFileType = sourcecode.cpp.h; path = ConnectionEvents.hpp; sourceTree = "<group>"; };
/* End PBXFileReference section */

/* Begin PBXFrameworksBuildPhase section */
		AB469B9C1CEDF44800D8AD54 /* Frameworks */ = {
			isa = PBXFrameworksBuildPhase;
			buildActionMask = 2147483647;
			files = (
			);
			runOnlyForDeploymentPostprocessing = 0;
		};
/* End PBXFrameworksBuildPhase section */

/* Begin PBXGroup section */
		AB469B961CEDF44800D8AD54 = {
			isa = PBXGroup;
			children = (
				AB469BA11CEDF44800D8AD54 /* Blocks */,
				AB469BA01CEDF44800D8AD54 /* Products */,
			);
			sourceTree = "<group>";
		};
		AB469BA01CEDF44800D8AD54 /* Products */ = {
			isa = PBXGroup;
			children = (
				AB469B9F1CEDF44800D8AD54 /* Blocks */,
			);
			name = Products;
			sourceTree = "<group>";
		};
		AB469BA11CEDF44800D8AD54 /* Blocks */ = {
			isa = PBXGroup;
			children = (
				AB469BA21CEDF44800D8AD54 /* main.cpp */,
				AB469BA91CEDF48200D8AD54 /* Connection.cpp */,
				AB469BAA1CEDF48200D8AD54 /* Connection.hpp */,
				AB469BAC1CEDF49D00D8AD54 /* Downloader.cpp */,
				AB469BAD1CEDF49D00D8AD54 /* Downloader.hpp */,
				AB469BAF1CEE0BB500D8AD54 /* UsersService.cpp */,
				AB469BB01CEE0BB500D8AD54 /* UsersService.hpp */,
				AB469BB21CEEFFB300D8AD54 /* BlockDownloader.cpp */,
				AB469BB31CEEFFB300D8AD54 /* BlockDownloader.hpp */,
				AB469BB51CEEFFC900D8AD54 /* BlockConnection.cpp */,
				AB469BB61CEEFFC900D8AD54 /* BlockConnection.hpp */,
				AB469BB81CEF07B800D8AD54 /* ConnectionEvents.cpp */,
				AB469BB91CEF07B800D8AD54 /* ConnectionEvents.hpp */,
			);
			path = Blocks;
			sourceTree = "<group>";
		};
/* End PBXGroup section */

/* Begin PBXNativeTarget section */
		AB469B9E1CEDF44800D8AD54 /* Blocks */ = {
			isa = PBXNativeTarget;
			buildConfigurationList = AB469BA61CEDF44800D8AD54 /* Build configuration list for PBXNativeTarget "Blocks" */;
			buildPhases = (
				AB469B9B1CEDF44800D8AD54 /* Sources */,
				AB469B9C1CEDF44800D8AD54 /* Frameworks */,
				AB469B9D1CEDF44800D8AD54 /* CopyFiles */,
			);
			buildRules = (
			);
			dependencies = (
			);
			name = Blocks;
			productName = Blocks;
			productReference = AB469B9F1CEDF44800D8AD54 /* Blocks */;
			productType = "com.apple.product-type.tool";
		};
/* End PBXNativeTarget section */

/* Begin PBXProject section */
		AB469B971CEDF44800D8AD54 /* Project object */ = {
			isa = PBXProject;
			attributes = {
				LastUpgradeCheck = 0720;
				ORGANIZATIONNAME = "Alexander Blokhin";
				TargetAttributes = {
					AB469B9E1CEDF44800D8AD54 = {
						CreatedOnToolsVersion = 7.2.1;
					};
				};
			};
			buildConfigurationList = AB469B9A1CEDF44800D8AD54 /* Build configuration list for PBXProject "Blocks" */;
			compatibilityVersion = "Xcode 3.2";
			developmentRegion = English;
			hasScannedForEncodings = 0;
			knownRegions = (
				en,
			);
			mainGroup = AB469B961CEDF44800D8AD54;
			productRefGroup = AB469BA01CEDF44800D8AD54 /* Products */;
			projectDirPath = "";
			projectRoot = "";
			targets = (
				AB469B9E1CEDF44800D8AD54 /* Blocks */,
			);
		};
/* End PBXProject section */

/* Begin PBXSourcesBuildPhase section */
		AB469B9B1CEDF44800D8AD54 /* Sources */ = {
			isa = PBXSourcesBuildPhase;
			buildActionMask = 2147483647;
			files = (
				AB469BB11CEE0BB500D8AD54 /* UsersService.cpp in Sources */,
				AB469BB41CEEFFB300D8AD54 /* BlockDownloader.cpp in Sources */,
				AB469BAE1CEDF49D00D8AD54 /* Downloader.cpp in Sources */,
				AB469BB71CEEFFC900D8AD54 /* BlockConnection.cpp in Sources */,
				AB469BA31CEDF44800D8AD54 /* main.cpp in Sources */,
				AB469BBA1CEF07B800D8AD54 /* ConnectionEvents.cpp in Sources */,
				AB469BAB1CEDF48200D8AD54 /* Connection.cpp in Sources */,
			);
			runOnlyForDeploymentPostprocessing = 0;
		};
/* End PBXSourcesBuildPhase section */

/* Begin XCBuildConfiguration section */
		AB469BA41CEDF44800D8AD54 /* Debug */ = {
			isa = XCBuildConfiguration;
			buildSettings = {
				ALWAYS_SEARCH_USER_PATHS = NO;
				CLANG_CXX_LANGUAGE_STANDARD = "gnu++0x";
				CLANG_CXX_LIBRARY = "libc++";
				CLANG_ENABLE_MODULES = YES;
				CLANG_ENABLE_OBJC_ARC = YES;
				CLANG_WARN_BOOL_CONVERSION = YES;
				CLANG_WARN_CONSTANT_CONVERSION = YES;
				CLANG_WARN_DIRECT_OBJC_ISA_USAGE = YES_ERROR;
				CLANG_WARN_EMPTY_BODY = YES;
				CLANG_WARN_ENUM_CONVERSION = YES;
				CLANG_WARN_INT_CONVERSION = YES;
				CLANG_WARN_OBJC_ROOT_CLASS = YES_ERROR;
				CLANG_WARN_UNREACHABLE_CODE = YES;
				CLANG_WARN__DUPLICATE_METHOD_MATCH = YES;
				CODE_SIGN_IDENTITY = "-";
				COPY_PHASE_STRIP = NO;
				DEBUG_INFORMATION_FORMAT = dwarf;
				ENABLE_STRICT_OBJC_MSGSEND = YES;
				ENABLE_TESTABILITY = YES;
				GCC_C_LANGUAGE_STANDARD = gnu99;
				GCC_DYNAMIC_NO_PIC = NO;
				GCC_NO_COMMON_BLOCKS = YES;
				GCC_OPTIMIZATION_LEVEL = 0;
				GCC_PREPROCESSOR_DEFINITIONS = (
					"DEBUG=1",
					"$(inherited)",
				);
				GCC_WARN_64_TO_32_BIT_CONVERSION = YES;
				GCC_WARN_ABOUT_RETURN_TYPE = YES_ERROR;
				GCC_WARN_UNDECLARED_SELECTOR = YES;
				GCC_WARN_UNINITIALIZED_AUTOS = YES_AGGRESSIVE;
				GCC_WARN_UNUSED_FUNCTION = YES;
				GCC_WARN_UNUSED_VARIABLE = YES;
				MACOSX_DEPLOYMENT_TARGET = 10.11;
				MTL_ENABLE_DEBUG_INFO = YES;
				ONLY_ACTIVE_ARCH = YES;
				SDKROOT = macosx;
			};
			name = Debug;
		};
		AB469BA51CEDF44800D8AD54 /* Release */ = {
			isa = XCBuildConfiguration;
			buildSettings = {
				ALWAYS_SEARCH_USER_PATHS = NO;
				CLANG_CXX_LANGUAGE_STANDARD = "gnu++0x";
				CLANG_CXX_LIBRARY = "libc++";
				CLANG_ENABLE_MODULES = YES;
				CLANG_ENABLE_OBJC_ARC = YES;
				CLANG_WARN_BOOL_CONVERSION = YES;
				CLANG_WARN_CONSTANT_CONVERSION = YES;
				CLANG_WARN_DIRECT_OBJC_ISA_USAGE = YES_ERROR;
				CLANG_WARN_EMPTY_BODY = YES;
				CLANG_WARN_ENUM_CONVERSION = YES;
				CLANG_WARN_INT_CONVERSION = YES;
				CLANG_WARN_OBJC_ROOT_CLASS = YES_ERROR;
				CLANG_WARN_UNREACHABLE_CODE = YES;
				CLANG_WARN__DUPLICATE_METHOD_MATCH = YES;
				CODE_SIGN_IDENTITY = "-";
				COPY_PHASE_STRIP = NO;
				DEBUG_INFORMATION_FORMAT = "dwarf-with-dsym";
				ENABLE_NS_ASSERTIONS = NO;
				ENABLE_STRICT_OBJC_MSGSEND = YES;
				GCC_C_LANGUAGE_STANDARD = gnu99;
				GCC_NO_COMMON_BLOCKS = YES;
				GCC_WARN_64_TO_32_BIT_CONVERSION = YES;
				GCC_WARN_ABOUT_RETURN_TYPE = YES_ERROR;
				GCC_WARN_UNDECLARED_SELECTOR = YES;
				GCC_WARN_UNINITIALIZED_AUTOS = YES_AGGRESSIVE;
				GCC_WARN_UNUSED_FUNCTION = YES;
				GCC_WARN_UNUSED_VARIABLE = YES;
				MACOSX_DEPLOYMENT_TARGET = 10.11;
				MTL_ENABLE_DEBUG_INFO = NO;
				SDKROOT = macosx;
			};
			name = Release;
		};
		AB469BA71CEDF44800D8AD54 /* Debug */ = {
			isa = XCBuildConfiguration;
			buildSettings = {
				PRODUCT_NAME = "$(TARGET_NAME)";
			};
			name = Debug;
		};
		AB469BA81CEDF44800D8AD54 /* Release */ = {
			isa = XCBuildConfiguration;
			buildSettings = {
				PRODUCT_NAME = "$(TARGET_NAME)";
			};
			name = Release;
		};
/* End XCBuildConfiguration section */

/* Begin XCConfigurationList section */
		AB469B9A1CEDF44800D8AD54 /* Build configuration list for PBXProject "Blocks" */ = {
			isa = XCConfigurationList;
			buildConfigurations = (
				AB469BA41CEDF44800D8AD54 /* Debug */,
				AB469BA51CEDF44800D8AD54 /* Release */,
			);
			defaultConfigurationIsVisible = 0;
			defaultConfigurationName = Release;
		};
		AB469BA61CEDF44800D8AD54 /* Build configuration list for PBXNativeTarget "Blocks" */ = {
			isa = XCConfigurationList;
			buildConfigurations = (
				AB469BA71CEDF44800D8AD54 /* Debug */,
				AB469BA81CEDF44800D8AD54 /* Release */,
			);
			defaultConfigurationIsVisible = 0;
		};
/* End XCConfigurationList section */
	};
	rootObject = AB469B971CEDF44800D8AD54 /* Project object */;
}
